
Microsoft Visual Studio Solution File, Format Version 12.00
# Visual Studio Version 17
VisualStudioVersion = 17.6.33829.357
MinimumVisualStudioVersion = 10.0.40219.1
Project("{FAE04EC0-301F-11D3-BF4B-00C04F79EFBC}") = "BankTransaction2", "BankTransaction2\BankTransaction2.csproj", "{B81D4323-1A2F-4635-8588-EBF141D90812}"
EndProject
Global
	GlobalSection(SolutionConfigurationPlatforms) = preSolution
		Debug|Any CPU = Debug|Any CPU
		Release|Any CPU = Release|Any CPU
	EndGlobalSection
	GlobalSection(ProjectConfigurationPlatforms) = postSolution
		{B81D4323-1A2F-4635-8588-EBF141D90812}.Debug|Any CPU.ActiveCfg = Debug|Any CPU
		{B81D4323-1A2F-4635-8588-EBF141D90812}.Debug|Any CPU.Build.0 = Debug|Any CPU
		{B81D4323-1A2F-4635-8588-EBF141D90812}.Release|Any CPU.ActiveCfg = Release|Any CPU
		{B81D4323-1A2F-4635-8588-EBF141D90812}.Release|Any CPU.Build.0 = Release|Any CPU
	EndGlobalSection
	GlobalSection(SolutionProperties) = preSolution
		HideSolutionNode = FALSE
	EndGlobalSection
	GlobalSection(ExtensibilityGlobals) = postSolution
		SolutionGuid = {C30FDAF6-E31E-4ACB-880E-F75B6276AC04}
	EndGlobalSection
EndGlobal
