
Microsoft Visual Studio Solution File, Format Version 12.00
# Visual Studio Version 17
VisualStudioVersion = 17.6.33829.357
MinimumVisualStudioVersion = 10.0.40219.1
Project("{FAE04EC0-301F-11D3-BF4B-00C04F79EFBC}") = "DivisibleFour", "DivisibleFour\DivisibleFour.csproj", "{9ED24538-5B85-415A-8960-28E675B3F854}"
EndProject
Global
	GlobalSection(SolutionConfigurationPlatforms) = preSolution
		Debug|Any CPU = Debug|Any CPU
		Release|Any CPU = Release|Any CPU
	EndGlobalSection
	GlobalSection(ProjectConfigurationPlatforms) = postSolution
		{9ED24538-5B85-415A-8960-28E675B3F854}.Debug|Any CPU.ActiveCfg = Debug|Any CPU
		{9ED24538-5B85-415A-8960-28E675B3F854}.Debug|Any CPU.Build.0 = Debug|Any CPU
		{9ED24538-5B85-415A-8960-28E675B3F854}.Release|Any CPU.ActiveCfg = Release|Any CPU
		{9ED24538-5B85-415A-8960-28E675B3F854}.Release|Any CPU.Build.0 = Release|Any CPU
	EndGlobalSection
	GlobalSection(SolutionProperties) = preSolution
		HideSolutionNode = FALSE
	EndGlobalSection
	GlobalSection(ExtensibilityGlobals) = postSolution
		SolutionGuid = {F552E999-E9E6-459F-82F7-5E825F706BDE}
	EndGlobalSection
EndGlobal
