
Microsoft Visual Studio Solution File, Format Version 12.00
# Visual Studio Version 17
VisualStudioVersion = 17.6.33829.357
MinimumVisualStudioVersion = 10.0.40219.1
Project("{FAE04EC0-301F-11D3-BF4B-00C04F79EFBC}") = "RevisedCode", "RevisedCode\RevisedCode.csproj", "{7973B908-99DB-4DA3-8699-F5ECA0B83DE2}"
EndProject
Global
	GlobalSection(SolutionConfigurationPlatforms) = preSolution
		Debug|Any CPU = Debug|Any CPU
		Release|Any CPU = Release|Any CPU
	EndGlobalSection
	GlobalSection(ProjectConfigurationPlatforms) = postSolution
		{7973B908-99DB-4DA3-8699-F5ECA0B83DE2}.Debug|Any CPU.ActiveCfg = Debug|Any CPU
		{7973B908-99DB-4DA3-8699-F5ECA0B83DE2}.Debug|Any CPU.Build.0 = Debug|Any CPU
		{7973B908-99DB-4DA3-8699-F5ECA0B83DE2}.Release|Any CPU.ActiveCfg = Release|Any CPU
		{7973B908-99DB-4DA3-8699-F5ECA0B83DE2}.Release|Any CPU.Build.0 = Release|Any CPU
	EndGlobalSection
	GlobalSection(SolutionProperties) = preSolution
		HideSolutionNode = FALSE
	EndGlobalSection
	GlobalSection(ExtensibilityGlobals) = postSolution
		SolutionGuid = {6D10676C-ACE0-46BE-B3D2-D363B52B6A3B}
	EndGlobalSection
EndGlobal
