
Microsoft Visual Studio Solution File, Format Version 12.00
# Visual Studio Version 17
VisualStudioVersion = 17.6.33829.357
MinimumVisualStudioVersion = 10.0.40219.1
Project("{FAE04EC0-301F-11D3-BF4B-00C04F79EFBC}") = "CarProgram", "CarProgram\CarProgram.csproj", "{97F41E91-0929-44FA-97E5-F5ADF65C0D34}"
EndProject
Global
	GlobalSection(SolutionConfigurationPlatforms) = preSolution
		Debug|Any CPU = Debug|Any CPU
		Release|Any CPU = Release|Any CPU
	EndGlobalSection
	GlobalSection(ProjectConfigurationPlatforms) = postSolution
		{97F41E91-0929-44FA-97E5-F5ADF65C0D34}.Debug|Any CPU.ActiveCfg = Debug|Any CPU
		{97F41E91-0929-44FA-97E5-F5ADF65C0D34}.Debug|Any CPU.Build.0 = Debug|Any CPU
		{97F41E91-0929-44FA-97E5-F5ADF65C0D34}.Release|Any CPU.ActiveCfg = Release|Any CPU
		{97F41E91-0929-44FA-97E5-F5ADF65C0D34}.Release|Any CPU.Build.0 = Release|Any CPU
	EndGlobalSection
	GlobalSection(SolutionProperties) = preSolution
		HideSolutionNode = FALSE
	EndGlobalSection
	GlobalSection(ExtensibilityGlobals) = postSolution
		SolutionGuid = {568764E6-68B8-4828-A266-770A0BAE8EE9}
	EndGlobalSection
EndGlobal
