
Microsoft Visual Studio Solution File, Format Version 12.00
# Visual Studio Version 17
VisualStudioVersion = 17.6.33829.357
MinimumVisualStudioVersion = 10.0.40219.1
Project("{FAE04EC0-301F-11D3-BF4B-00C04F79EFBC}") = "6.1P Question 4", "6.1P Question 4\6.1P Question 4.csproj", "{54B2BAF2-3992-4A45-B9AE-A61CB286CE45}"
EndProject
Global
	GlobalSection(SolutionConfigurationPlatforms) = preSolution
		Debug|Any CPU = Debug|Any CPU
		Release|Any CPU = Release|Any CPU
	EndGlobalSection
	GlobalSection(ProjectConfigurationPlatforms) = postSolution
		{54B2BAF2-3992-4A45-B9AE-A61CB286CE45}.Debug|Any CPU.ActiveCfg = Debug|Any CPU
		{54B2BAF2-3992-4A45-B9AE-A61CB286CE45}.Debug|Any CPU.Build.0 = Debug|Any CPU
		{54B2BAF2-3992-4A45-B9AE-A61CB286CE45}.Release|Any CPU.ActiveCfg = Release|Any CPU
		{54B2BAF2-3992-4A45-B9AE-A61CB286CE45}.Release|Any CPU.Build.0 = Release|Any CPU
	EndGlobalSection
	GlobalSection(SolutionProperties) = preSolution
		HideSolutionNode = FALSE
	EndGlobalSection
	GlobalSection(ExtensibilityGlobals) = postSolution
		SolutionGuid = {96280F8F-FB35-407B-A994-548691065CCB}
	EndGlobalSection
EndGlobal
